
Microsoft Visual Studio Solution File, Format Version 12.00
# Visual Studio Version 17
VisualStudioVersion = 17.7.34024.191
MinimumVisualStudioVersion = 10.0.40219.1
Project("{FAE04EC0-301F-11D3-BF4B-00C04F79EFBC}") = "BilgiYarismasi", "BilgiYarismasi.csproj", "{3580B063-C60F-4395-824C-C8BB42C17ADC}"
EndProject
Global
	GlobalSection(SolutionConfigurationPlatforms) = preSolution
		Debug|Any CPU = Debug|Any CPU
		Release|Any CPU = Release|Any CPU
	EndGlobalSection
	GlobalSection(ProjectConfigurationPlatforms) = postSolution
		{3580B063-C60F-4395-824C-C8BB42C17ADC}.Debug|Any CPU.ActiveCfg = Debug|Any CPU
		{3580B063-C60F-4395-824C-C8BB42C17ADC}.Debug|Any CPU.Build.0 = Debug|Any CPU
		{3580B063-C60F-4395-824C-C8BB42C17ADC}.Release|Any CPU.ActiveCfg = Release|Any CPU
		{3580B063-C60F-4395-824C-C8BB42C17ADC}.Release|Any CPU.Build.0 = Release|Any CPU
	EndGlobalSection
	GlobalSection(SolutionProperties) = preSolution
		HideSolutionNode = FALSE
	EndGlobalSection
	GlobalSection(ExtensibilityGlobals) = postSolution
		SolutionGuid = {74A9ECC9-BC2D-4CDD-99FE-AA62B217D3AC}
	EndGlobalSection
EndGlobal
