
Microsoft Visual Studio Solution File, Format Version 12.00
# Visual Studio Version 17
VisualStudioVersion = 17.8.34330.188
MinimumVisualStudioVersion = 10.0.40219.1
Project("{FAE04EC0-301F-11D3-BF4B-00C04F79EFBC}") = "HesapMakinesi", "HesapMakinesi.csproj", "{EECF0247-3FE9-4FD5-8CAB-FFB319E1B140}"
EndProject
Global
	GlobalSection(SolutionConfigurationPlatforms) = preSolution
		Debug|Any CPU = Debug|Any CPU
		Release|Any CPU = Release|Any CPU
	EndGlobalSection
	GlobalSection(ProjectConfigurationPlatforms) = postSolution
		{EECF0247-3FE9-4FD5-8CAB-FFB319E1B140}.Debug|Any CPU.ActiveCfg = Debug|Any CPU
		{EECF0247-3FE9-4FD5-8CAB-FFB319E1B140}.Debug|Any CPU.Build.0 = Debug|Any CPU
		{EECF0247-3FE9-4FD5-8CAB-FFB319E1B140}.Release|Any CPU.ActiveCfg = Release|Any CPU
		{EECF0247-3FE9-4FD5-8CAB-FFB319E1B140}.Release|Any CPU.Build.0 = Release|Any CPU
	EndGlobalSection
	GlobalSection(SolutionProperties) = preSolution
		HideSolutionNode = FALSE
	EndGlobalSection
	GlobalSection(ExtensibilityGlobals) = postSolution
		SolutionGuid = {3ADA6521-5111-436C-A436-8FE2ED2989FF}
	EndGlobalSection
EndGlobal
